
Microsoft Visual Studio Solution File, Format Version 12.00
# Visual Studio Version 17
VisualStudioVersion = 17.8.34525.116
MinimumVisualStudioVersion = 10.0.40219.1
Project("{9A19103F-16F7-4668-BE54-9A1E7A4F7556}") = "MAppAPI", "MAppAPI\MAppAPI.csproj", "{BC82187C-3DB8-4210-8DAB-39E1E4AA8183}"
EndProject
Project("{FAE04EC0-301F-11D3-BF4B-00C04F79EFBC}") = "MApp.Common", "MApp.Common\MApp.Common.csproj", "{E01A7CA4-C676-4521-A6CB-04944458DD2F}"
EndProject
Project("{FAE04EC0-301F-11D3-BF4B-00C04F79EFBC}") = "MApp.DataAccess", "MApp.DataAccess\MApp.DataAccess.csproj", "{F5C11BDE-598A-4E61-B0F3-C980041400A4}"
EndProject
Global
	GlobalSection(SolutionConfigurationPlatforms) = preSolution
		Debug|Any CPU = Debug|Any CPU
		Release|Any CPU = Release|Any CPU
	EndGlobalSection
	GlobalSection(ProjectConfigurationPlatforms) = postSolution
		{BC82187C-3DB8-4210-8DAB-39E1E4AA8183}.Debug|Any CPU.ActiveCfg = Debug|Any CPU
		{BC82187C-3DB8-4210-8DAB-39E1E4AA8183}.Debug|Any CPU.Build.0 = Debug|Any CPU
		{BC82187C-3DB8-4210-8DAB-39E1E4AA8183}.Release|Any CPU.ActiveCfg = Release|Any CPU
		{BC82187C-3DB8-4210-8DAB-39E1E4AA8183}.Release|Any CPU.Build.0 = Release|Any CPU
		{E01A7CA4-C676-4521-A6CB-04944458DD2F}.Debug|Any CPU.ActiveCfg = Debug|Any CPU
		{E01A7CA4-C676-4521-A6CB-04944458DD2F}.Debug|Any CPU.Build.0 = Debug|Any CPU
		{E01A7CA4-C676-4521-A6CB-04944458DD2F}.Release|Any CPU.ActiveCfg = Release|Any CPU
		{E01A7CA4-C676-4521-A6CB-04944458DD2F}.Release|Any CPU.Build.0 = Release|Any CPU
		{F5C11BDE-598A-4E61-B0F3-C980041400A4}.Debug|Any CPU.ActiveCfg = Debug|Any CPU
		{F5C11BDE-598A-4E61-B0F3-C980041400A4}.Debug|Any CPU.Build.0 = Debug|Any CPU
		{F5C11BDE-598A-4E61-B0F3-C980041400A4}.Release|Any CPU.ActiveCfg = Release|Any CPU
		{F5C11BDE-598A-4E61-B0F3-C980041400A4}.Release|Any CPU.Build.0 = Release|Any CPU
	EndGlobalSection
	GlobalSection(SolutionProperties) = preSolution
		HideSolutionNode = FALSE
	EndGlobalSection
	GlobalSection(ExtensibilityGlobals) = postSolution
		SolutionGuid = {CFFE164B-586C-4C23-8B34-EF16E352F88A}
	EndGlobalSection
EndGlobal
